// !$*UTF8*$!
{
	archiveVersion = 1;
	classes = {
	};
	objectVersion = 54;
	objects = {

/* Begin PBXBuildFile section */
		00E356F31AD99517003FC87E /* SocialMediaTests.m in Sources */ = {isa = PBXBuildFile; fileRef = 00E356F21AD99517003FC87E /* SocialMediaTests.m */; };
		01A910974B8C4C68BF5B1E2D /* Inter_28pt-Bold.ttf in Resources */ = {isa = PBXBuildFile; fileRef = E3548E134E27476FA50D587D /* Inter_28pt-Bold.ttf */; };
		04E4A9BEE6354FCA9A9EEAD1 /* Inter_24pt-ExtraBoldItalic.ttf in Resources */ = {isa = PBXBuildFile; fileRef = 2F7AB428EA134843BACDABEB /* Inter_24pt-ExtraBoldItalic.ttf */; };
		0B0EC3A61DCF41A29AFEA567 /* Inter_18pt-Bold.ttf in Resources */ = {isa = PBXBuildFile; fileRef = 6C76D958E3984990898A8309 /* Inter_18pt-Bold.ttf */; };
		1171E005DAA74542BC5E070E /* Inter_18pt-Thin.ttf in Resources */ = {isa = PBXBuildFile; fileRef = 4435D9E5E82D431386DA957B /* Inter_18pt-Thin.ttf */; };
		13B07FBC1A68108700A75B9A /* AppDelegate.mm in Sources */ = {isa = PBXBuildFile; fileRef = 13B07FB01A68108700A75B9A /* AppDelegate.mm */; };
		13B07FBF1A68108700A75B9A /* Images.xcassets in Resources */ = {isa = PBXBuildFile; fileRef = 13B07FB51A68108700A75B9A /* Images.xcassets */; };
		13B07FC11A68108700A75B9A /* main.m in Sources */ = {isa = PBXBuildFile; fileRef = 13B07FB71A68108700A75B9A /* main.m */; };
		13BCF48D786E4D3D95338365 /* Inter_28pt-SemiBold.ttf in Resources */ = {isa = PBXBuildFile; fileRef = 53A4E9F26AA14D41AA9FB52F /* Inter_28pt-SemiBold.ttf */; };
		18C9A27C6CB24D2CB48E4D01 /* libPods-SocialMedia.a in Frameworks */ = {isa = PBXBuildFile; fileRef = 2FAAC1B8B5A6DD4A21BD51DF /* libPods-SocialMedia.a */; };
		1913F78B63543B7A327E79F7 /* PrivacyInfo.xcprivacy in Resources */ = {isa = PBXBuildFile; fileRef = 661D00746807DB59A753C397 /* PrivacyInfo.xcprivacy */; };
		195A25292AA44E2F8B67F3A9 /* Inter_24pt-MediumItalic.ttf in Resources */ = {isa = PBXBuildFile; fileRef = 17986F9CBBE0415EA06A9B7A /* Inter_24pt-MediumItalic.ttf */; };
		1C72FAE015C645AC8175D8A3 /* Inter_28pt-Italic.ttf in Resources */ = {isa = PBXBuildFile; fileRef = B4DDDD4953A94184B7BD5034 /* Inter_28pt-Italic.ttf */; };
		1E0E586D455F42FDAC755763 /* Inter_28pt-MediumItalic.ttf in Resources */ = {isa = PBXBuildFile; fileRef = 14B93C5CD2EE4427B9B60E63 /* Inter_28pt-MediumItalic.ttf */; };
		218FCB75B7AD4560934097B1 /* Inter_28pt-ExtraLight.ttf in Resources */ = {isa = PBXBuildFile; fileRef = 13C0ED3DE5EC402C92DAB05F /* Inter_28pt-ExtraLight.ttf */; };
		26054F0208A04810BA8D2D14 /* Inter_24pt-LightItalic.ttf in Resources */ = {isa = PBXBuildFile; fileRef = D2D6265E9DBD4E20A39AE5D3 /* Inter_24pt-LightItalic.ttf */; };
		26168ECCD3C24D768F621F2C /* Inter_24pt-Regular.ttf in Resources */ = {isa = PBXBuildFile; fileRef = 23696078BE294C0F8A56519A /* Inter_24pt-Regular.ttf */; };
		28A998EB73A34E16ADE86E67 /* Inter_18pt-ExtraLightItalic.ttf in Resources */ = {isa = PBXBuildFile; fileRef = F0ADAD05AF5D43F8B9FEF526 /* Inter_18pt-ExtraLightItalic.ttf */; };
		2F52E9A76D244E4FB1F96997 /* Inter_18pt-ThinItalic.ttf in Resources */ = {isa = PBXBuildFile; fileRef = 70930C1330B2422B856ADA8D /* Inter_18pt-ThinItalic.ttf */; };
		364C3829ADF64AEFAECE9A89 /* Inter_18pt-Light.ttf in Resources */ = {isa = PBXBuildFile; fileRef = 5309D5D5FFCE483283683C40 /* Inter_18pt-Light.ttf */; };
		399969FBF1D64399B19D613B /* Inter_24pt-Italic.ttf in Resources */ = {isa = PBXBuildFile; fileRef = 635C8364FDD9449FA2B572C3 /* Inter_24pt-Italic.ttf */; };
		3BF351B9D7734469B1050067 /* Inter_24pt-ThinItalic.ttf in Resources */ = {isa = PBXBuildFile; fileRef = D4E6B9526CB8452BA967B15B /* Inter_24pt-ThinItalic.ttf */; };
		3CF3E94ED165B6F00502BBD0 /* libPods-SocialMedia-SocialMediaTests.a in Frameworks */ = {isa = PBXBuildFile; fileRef = 6DDD5EE1A27127BBE2EFAB8D /* libPods-SocialMedia-SocialMediaTests.a */; };
		3E6EA24136EE4A838030ED31 /* Inter_28pt-SemiBoldItalic.ttf in Resources */ = {isa = PBXBuildFile; fileRef = 1356DD6382DA4CE9827CDF24 /* Inter_28pt-SemiBoldItalic.ttf */; };
		48166CC3E67C43A18BADB9AE /* Inter_28pt-Black.ttf in Resources */ = {isa = PBXBuildFile; fileRef = 70B2FA1A61004D95AE081B9B /* Inter_28pt-Black.ttf */; };
		4A1C1C7F2FF549FB89445AD4 /* Inter_18pt-MediumItalic.ttf in Resources */ = {isa = PBXBuildFile; fileRef = 03356F6E4DC7469D9600C172 /* Inter_18pt-MediumItalic.ttf */; };
		5E3EEBD78FBD484084CAE57F /* Inter_18pt-BoldItalic.ttf in Resources */ = {isa = PBXBuildFile; fileRef = C309856CD74D4FB8980FB57F /* Inter_18pt-BoldItalic.ttf */; };
		601173B2E83D4952B65924DE /* Inter_24pt-ExtraLightItalic.ttf in Resources */ = {isa = PBXBuildFile; fileRef = 4BA22262609D4BF0AB1D1E46 /* Inter_24pt-ExtraLightItalic.ttf */; };
		6C6BFC945BD64A9A85BEDDAB /* Inter_28pt-LightItalic.ttf in Resources */ = {isa = PBXBuildFile; fileRef = 6BA92D1D9DFE4E9B91BE0A19 /* Inter_28pt-LightItalic.ttf */; };
		739E6CDDE48A45BFB3B0923E /* Inter_28pt-ExtraBoldItalic.ttf in Resources */ = {isa = PBXBuildFile; fileRef = CC30692188724EB78A579013 /* Inter_28pt-ExtraBoldItalic.ttf */; };
		7532E8E53FB8487695D30FBA /* Inter_28pt-Light.ttf in Resources */ = {isa = PBXBuildFile; fileRef = DBE2F06FF8CD42379F228DF4 /* Inter_28pt-Light.ttf */; };
		760A568F76B44C7795777798 /* Inter_28pt-BlackItalic.ttf in Resources */ = {isa = PBXBuildFile; fileRef = E6F846E7F2D3413881768A3F /* Inter_28pt-BlackItalic.ttf */; };
		7A89C7CBA4E64893AC55D9E1 /* Inter_18pt-SemiBold.ttf in Resources */ = {isa = PBXBuildFile; fileRef = 1593F5B45FCD4352B288097D /* Inter_18pt-SemiBold.ttf */; };
		7C7C412FC8A24587B2F2986E /* Inter_28pt-ExtraLightItalic.ttf in Resources */ = {isa = PBXBuildFile; fileRef = 41DAE0D2220C42169C762050 /* Inter_28pt-ExtraLightItalic.ttf */; };
		7FF1504857E44F9A9B74B749 /* Inter_28pt-ThinItalic.ttf in Resources */ = {isa = PBXBuildFile; fileRef = 7EBFFF5399094D59A45A98E4 /* Inter_28pt-ThinItalic.ttf */; };
		81AB9BB82411601600AC10FF /* LaunchScreen.storyboard in Resources */ = {isa = PBXBuildFile; fileRef = 81AB9BB72411601600AC10FF /* LaunchScreen.storyboard */; };
		81C732BC64824522BBC3F94F /* Inter_18pt-BlackItalic.ttf in Resources */ = {isa = PBXBuildFile; fileRef = 9435ACD975A540E797F036BE /* Inter_18pt-BlackItalic.ttf */; };
		83DB7B12CB9D48E6930657C2 /* Inter_24pt-Medium.ttf in Resources */ = {isa = PBXBuildFile; fileRef = 4BF5BFCF497744F499128687 /* Inter_24pt-Medium.ttf */; };
		8B88CDE2212B4246858F063C /* Inter_18pt-Medium.ttf in Resources */ = {isa = PBXBuildFile; fileRef = 912FC1FFA388404893098F28 /* Inter_18pt-Medium.ttf */; };
		8E91CE5BA1024D7DA9620E43 /* Inter_28pt-BoldItalic.ttf in Resources */ = {isa = PBXBuildFile; fileRef = 16A436E8ABEA4D85B1B2EB5C /* Inter_28pt-BoldItalic.ttf */; };
		8FD58E5ED69144B5BF6337CA /* Inter_18pt-ExtraBold.ttf in Resources */ = {isa = PBXBuildFile; fileRef = A9DBFA8C0B3749B69E6931AB /* Inter_18pt-ExtraBold.ttf */; };
		9E298B6FDA1E406D986D8418 /* Inter_24pt-BoldItalic.ttf in Resources */ = {isa = PBXBuildFile; fileRef = 9C96B4CB19D44C54B4BCA038 /* Inter_24pt-BoldItalic.ttf */; };
		9EB8318847324FE4B5CE7483 /* Inter_24pt-Bold.ttf in Resources */ = {isa = PBXBuildFile; fileRef = CFD77D88DC714C39B6E6A9A2 /* Inter_24pt-Bold.ttf */; };
		A72DBC013B5B42089A3D5285 /* Inter_28pt-Thin.ttf in Resources */ = {isa = PBXBuildFile; fileRef = 3E66507428834F5DB29F56CD /* Inter_28pt-Thin.ttf */; };
		A9502B914BB74226A0BC914C /* Inter_24pt-SemiBold.ttf in Resources */ = {isa = PBXBuildFile; fileRef = 5EA992B37BC74699A54A536B /* Inter_24pt-SemiBold.ttf */; };
		AEE2457601E64606A45E7C75 /* Inter_18pt-LightItalic.ttf in Resources */ = {isa = PBXBuildFile; fileRef = 6858C9F7FE5E409BB5CF1EEF /* Inter_18pt-LightItalic.ttf */; };
		B669C8A775E0496B8F4E2460 /* Inter_24pt-Light.ttf in Resources */ = {isa = PBXBuildFile; fileRef = 24269EAC4220403D8F4ACB0C /* Inter_24pt-Light.ttf */; };
		C4B39E60BE84406A81DB0E57 /* Inter_24pt-BlackItalic.ttf in Resources */ = {isa = PBXBuildFile; fileRef = 6FBDDB89C2B14D7E8C937D42 /* Inter_24pt-BlackItalic.ttf */; };
		C950FC240DD246F2B96CFE2C /* Inter_18pt-Black.ttf in Resources */ = {isa = PBXBuildFile; fileRef = DA7B2AB490CB4133A1723971 /* Inter_18pt-Black.ttf */; };
		CD0EB8084A064D5E889BBDAA /* Inter_18pt-Regular.ttf in Resources */ = {isa = PBXBuildFile; fileRef = 74C5B0581021491ABADC4896 /* Inter_18pt-Regular.ttf */; };
		CD2052E8C3CE4E3A888A5C48 /* Inter_18pt-SemiBoldItalic.ttf in Resources */ = {isa = PBXBuildFile; fileRef = F28444D0A0084C12AC38F084 /* Inter_18pt-SemiBoldItalic.ttf */; };
		D274F0AF84994854B4FE248B /* Inter_24pt-Thin.ttf in Resources */ = {isa = PBXBuildFile; fileRef = 87BF97F528BC4DBEA0453D9F /* Inter_24pt-Thin.ttf */; };
		D6CF90573DDA43E4B41EC195 /* Inter_24pt-Black.ttf in Resources */ = {isa = PBXBuildFile; fileRef = C1D8AF7DFE3F4DBC8CBF71A7 /* Inter_24pt-Black.ttf */; };
		DA008D73D6704181AEC8D585 /* Inter_24pt-SemiBoldItalic.ttf in Resources */ = {isa = PBXBuildFile; fileRef = 3031924DB9DC4F789A55C8FA /* Inter_24pt-SemiBoldItalic.ttf */; };
		DA729B5394C047DB94B52F91 /* Inter_28pt-Medium.ttf in Resources */ = {isa = PBXBuildFile; fileRef = 10A7235AA6D3419490BCC508 /* Inter_28pt-Medium.ttf */; };
		E0F6B090A6164B809F56CF3D /* Inter_28pt-ExtraBold.ttf in Resources */ = {isa = PBXBuildFile; fileRef = F3E535603CEC4C548A1B500E /* Inter_28pt-ExtraBold.ttf */; };
		E10B7481007F40E89AD1C538 /* Inter_24pt-ExtraBold.ttf in Resources */ = {isa = PBXBuildFile; fileRef = 175DBFD7288842D4BDA06BE1 /* Inter_24pt-ExtraBold.ttf */; };
		E7D817E652AA48AEBCA048D4 /* Inter_18pt-Italic.ttf in Resources */ = {isa = PBXBuildFile; fileRef = 41D40D1064144C239B6CB026 /* Inter_18pt-Italic.ttf */; };
		E9B7AF7D1DA64CF4B512216F /* Inter_18pt-ExtraLight.ttf in Resources */ = {isa = PBXBuildFile; fileRef = 00B3273B93024D8299B60829 /* Inter_18pt-ExtraLight.ttf */; };
		F02DB5A938D84A39AE5ABA80 /* Inter_28pt-Regular.ttf in Resources */ = {isa = PBXBuildFile; fileRef = 7D2B2B1A78014ED38043BD7A /* Inter_28pt-Regular.ttf */; };
		FB1F54381D3B41AD87BA30C8 /* Inter_18pt-ExtraBoldItalic.ttf in Resources */ = {isa = PBXBuildFile; fileRef = D2CC712D2C664025A41B7261 /* Inter_18pt-ExtraBoldItalic.ttf */; };
		FC4C2901727F4A47B110DBD0 /* Inter_24pt-ExtraLight.ttf in Resources */ = {isa = PBXBuildFile; fileRef = 7A6D376CE7804C44A690BFB7 /* Inter_24pt-ExtraLight.ttf */; };
/* End PBXBuildFile section */

/* Begin PBXContainerItemProxy section */
		00E356F41AD99517003FC87E /* PBXContainerItemProxy */ = {
			isa = PBXContainerItemProxy;
			containerPortal = 83CBB9F71A601CBA00E9B192 /* Project object */;
			proxyType = 1;
			remoteGlobalIDString = 13B07F861A680F5B00A75B9A;
			remoteInfo = SocialMedia;
		};
/* End PBXContainerItemProxy section */

/* Begin PBXFileReference section */
		00B3273B93024D8299B60829 /* Inter_18pt-ExtraLight.ttf */ = {isa = PBXFileReference; explicitFileType = undefined; fileEncoding = undefined; includeInIndex = 0; lastKnownFileType = unknown; name = "Inter_18pt-ExtraLight.ttf"; path = "../assets/fonts/Inter_18pt-ExtraLight.ttf"; sourceTree = "<group>"; };
		00E356EE1AD99517003FC87E /* SocialMediaTests.xctest */ = {isa = PBXFileReference; explicitFileType = wrapper.cfbundle; includeInIndex = 0; path = SocialMediaTests.xctest; sourceTree = BUILT_PRODUCTS_DIR; };
		00E356F11AD99517003FC87E /* Info.plist */ = {isa = PBXFileReference; lastKnownFileType = text.plist.xml; path = Info.plist; sourceTree = "<group>"; };
		00E356F21AD99517003FC87E /* SocialMediaTests.m */ = {isa = PBXFileReference; lastKnownFileType = sourcecode.c.objc; path = SocialMediaTests.m; sourceTree = "<group>"; };
		03356F6E4DC7469D9600C172 /* Inter_18pt-MediumItalic.ttf */ = {isa = PBXFileReference; explicitFileType = undefined; fileEncoding = undefined; includeInIndex = 0; lastKnownFileType = unknown; name = "Inter_18pt-MediumItalic.ttf"; path = "../assets/fonts/Inter_18pt-MediumItalic.ttf"; sourceTree = "<group>"; };
		05227FC8D2F3BC24222D67B7 /* Pods-SocialMedia-SocialMediaTests.debug.xcconfig */ = {isa = PBXFileReference; includeInIndex = 1; lastKnownFileType = text.xcconfig; name = "Pods-SocialMedia-SocialMediaTests.debug.xcconfig"; path = "Target Support Files/Pods-SocialMedia-SocialMediaTests/Pods-SocialMedia-SocialMediaTests.debug.xcconfig"; sourceTree = "<group>"; };
		0B638ABEBF326B2AAA1D9E2D /* Pods-SocialMedia-SocialMediaTests.release.xcconfig */ = {isa = PBXFileReference; includeInIndex = 1; lastKnownFileType = text.xcconfig; name = "Pods-SocialMedia-SocialMediaTests.release.xcconfig"; path = "Target Support Files/Pods-SocialMedia-SocialMediaTests/Pods-SocialMedia-SocialMediaTests.release.xcconfig"; sourceTree = "<group>"; };
		10A7235AA6D3419490BCC508 /* Inter_28pt-Medium.ttf */ = {isa = PBXFileReference; explicitFileType = undefined; fileEncoding = undefined; includeInIndex = 0; lastKnownFileType = unknown; name = "Inter_28pt-Medium.ttf"; path = "../assets/fonts/Inter_28pt-Medium.ttf"; sourceTree = "<group>"; };
		1356DD6382DA4CE9827CDF24 /* Inter_28pt-SemiBoldItalic.ttf */ = {isa = PBXFileReference; explicitFileType = undefined; fileEncoding = undefined; includeInIndex = 0; lastKnownFileType = unknown; name = "Inter_28pt-SemiBoldItalic.ttf"; path = "../assets/fonts/Inter_28pt-SemiBoldItalic.ttf"; sourceTree = "<group>"; };
		13B07F961A680F5B00A75B9A /* SocialMedia.app */ = {isa = PBXFileReference; explicitFileType = wrapper.application; includeInIndex = 0; path = SocialMedia.app; sourceTree = BUILT_PRODUCTS_DIR; };
		13B07FAF1A68108700A75B9A /* AppDelegate.h */ = {isa = PBXFileReference; fileEncoding = 4; lastKnownFileType = sourcecode.c.h; name = AppDelegate.h; path = SocialMedia/AppDelegate.h; sourceTree = "<group>"; };
		13B07FB01A68108700A75B9A /* AppDelegate.mm */ = {isa = PBXFileReference; fileEncoding = 4; lastKnownFileType = sourcecode.cpp.objcpp; name = AppDelegate.mm; path = SocialMedia/AppDelegate.mm; sourceTree = "<group>"; };
		13B07FB51A68108700A75B9A /* Images.xcassets */ = {isa = PBXFileReference; lastKnownFileType = folder.assetcatalog; name = Images.xcassets; path = SocialMedia/Images.xcassets; sourceTree = "<group>"; };
		13B07FB61A68108700A75B9A /* Info.plist */ = {isa = PBXFileReference; fileEncoding = 4; lastKnownFileType = text.plist.xml; name = Info.plist; path = SocialMedia/Info.plist; sourceTree = "<group>"; };
		13B07FB71A68108700A75B9A /* main.m */ = {isa = PBXFileReference; fileEncoding = 4; lastKnownFileType = sourcecode.c.objc; name = main.m; path = SocialMedia/main.m; sourceTree = "<group>"; };
		13B07FB81A68108700A75B9A /* PrivacyInfo.xcprivacy */ = {isa = PBXFileReference; fileEncoding = 4; lastKnownFileType = text.plist.xml; name = PrivacyInfo.xcprivacy; path = SocialMedia/PrivacyInfo.xcprivacy; sourceTree = "<group>"; };
		13C0ED3DE5EC402C92DAB05F /* Inter_28pt-ExtraLight.ttf */ = {isa = PBXFileReference; explicitFileType = undefined; fileEncoding = undefined; includeInIndex = 0; lastKnownFileType = unknown; name = "Inter_28pt-ExtraLight.ttf"; path = "../assets/fonts/Inter_28pt-ExtraLight.ttf"; sourceTree = "<group>"; };
		14B93C5CD2EE4427B9B60E63 /* Inter_28pt-MediumItalic.ttf */ = {isa = PBXFileReference; explicitFileType = undefined; fileEncoding = undefined; includeInIndex = 0; lastKnownFileType = unknown; name = "Inter_28pt-MediumItalic.ttf"; path = "../assets/fonts/Inter_28pt-MediumItalic.ttf"; sourceTree = "<group>"; };
		1593F5B45FCD4352B288097D /* Inter_18pt-SemiBold.ttf */ = {isa = PBXFileReference; explicitFileType = undefined; fileEncoding = undefined; includeInIndex = 0; lastKnownFileType = unknown; name = "Inter_18pt-SemiBold.ttf"; path = "../assets/fonts/Inter_18pt-SemiBold.ttf"; sourceTree = "<group>"; };
		16A436E8ABEA4D85B1B2EB5C /* Inter_28pt-BoldItalic.ttf */ = {isa = PBXFileReference; explicitFileType = undefined; fileEncoding = undefined; includeInIndex = 0; lastKnownFileType = unknown; name = "Inter_28pt-BoldItalic.ttf"; path = "../assets/fonts/Inter_28pt-BoldItalic.ttf"; sourceTree = "<group>"; };
		175DBFD7288842D4BDA06BE1 /* Inter_24pt-ExtraBold.ttf */ = {isa = PBXFileReference; explicitFileType = undefined; fileEncoding = undefined; includeInIndex = 0; lastKnownFileType = unknown; name = "Inter_24pt-ExtraBold.ttf"; path = "../assets/fonts/Inter_24pt-ExtraBold.ttf"; sourceTree = "<group>"; };
		17986F9CBBE0415EA06A9B7A /* Inter_24pt-MediumItalic.ttf */ = {isa = PBXFileReference; explicitFileType = undefined; fileEncoding = undefined; includeInIndex = 0; lastKnownFileType = unknown; name = "Inter_24pt-MediumItalic.ttf"; path = "../assets/fonts/Inter_24pt-MediumItalic.ttf"; sourceTree = "<group>"; };
		23696078BE294C0F8A56519A /* Inter_24pt-Regular.ttf */ = {isa = PBXFileReference; explicitFileType = undefined; fileEncoding = undefined; includeInIndex = 0; lastKnownFileType = unknown; name = "Inter_24pt-Regular.ttf"; path = "../assets/fonts/Inter_24pt-Regular.ttf"; sourceTree = "<group>"; };
		24269EAC4220403D8F4ACB0C /* Inter_24pt-Light.ttf */ = {isa = PBXFileReference; explicitFileType = undefined; fileEncoding = undefined; includeInIndex = 0; lastKnownFileType = unknown; name = "Inter_24pt-Light.ttf"; path = "../assets/fonts/Inter_24pt-Light.ttf"; sourceTree = "<group>"; };
		2F7AB428EA134843BACDABEB /* Inter_24pt-ExtraBoldItalic.ttf */ = {isa = PBXFileReference; explicitFileType = undefined; fileEncoding = undefined; includeInIndex = 0; lastKnownFileType = unknown; name = "Inter_24pt-ExtraBoldItalic.ttf"; path = "../assets/fonts/Inter_24pt-ExtraBoldItalic.ttf"; sourceTree = "<group>"; };
		2FAAC1B8B5A6DD4A21BD51DF /* libPods-SocialMedia.a */ = {isa = PBXFileReference; explicitFileType = archive.ar; includeInIndex = 0; path = "libPods-SocialMedia.a"; sourceTree = BUILT_PRODUCTS_DIR; };
		3031924DB9DC4F789A55C8FA /* Inter_24pt-SemiBoldItalic.ttf */ = {isa = PBXFileReference; explicitFileType = undefined; fileEncoding = undefined; includeInIndex = 0; lastKnownFileType = unknown; name = "Inter_24pt-SemiBoldItalic.ttf"; path = "../assets/fonts/Inter_24pt-SemiBoldItalic.ttf"; sourceTree = "<group>"; };
		3E66507428834F5DB29F56CD /* Inter_28pt-Thin.ttf */ = {isa = PBXFileReference; explicitFileType = undefined; fileEncoding = undefined; includeInIndex = 0; lastKnownFileType = unknown; name = "Inter_28pt-Thin.ttf"; path = "../assets/fonts/Inter_28pt-Thin.ttf"; sourceTree = "<group>"; };
		41D40D1064144C239B6CB026 /* Inter_18pt-Italic.ttf */ = {isa = PBXFileReference; explicitFileType = undefined; fileEncoding = undefined; includeInIndex = 0; lastKnownFileType = unknown; name = "Inter_18pt-Italic.ttf"; path = "../assets/fonts/Inter_18pt-Italic.ttf"; sourceTree = "<group>"; };
		41DAE0D2220C42169C762050 /* Inter_28pt-ExtraLightItalic.ttf */ = {isa = PBXFileReference; explicitFileType = undefined; fileEncoding = undefined; includeInIndex = 0; lastKnownFileType = unknown; name = "Inter_28pt-ExtraLightItalic.ttf"; path = "../assets/fonts/Inter_28pt-ExtraLightItalic.ttf"; sourceTree = "<group>"; };
		4435D9E5E82D431386DA957B /* Inter_18pt-Thin.ttf */ = {isa = PBXFileReference; explicitFileType = undefined; fileEncoding = undefined; includeInIndex = 0; lastKnownFileType = unknown; name = "Inter_18pt-Thin.ttf"; path = "../assets/fonts/Inter_18pt-Thin.ttf"; sourceTree = "<group>"; };
		4BA22262609D4BF0AB1D1E46 /* Inter_24pt-ExtraLightItalic.ttf */ = {isa = PBXFileReference; explicitFileType = undefined; fileEncoding = undefined; includeInIndex = 0; lastKnownFileType = unknown; name = "Inter_24pt-ExtraLightItalic.ttf"; path = "../assets/fonts/Inter_24pt-ExtraLightItalic.ttf"; sourceTree = "<group>"; };
		4BF5BFCF497744F499128687 /* Inter_24pt-Medium.ttf */ = {isa = PBXFileReference; explicitFileType = undefined; fileEncoding = undefined; includeInIndex = 0; lastKnownFileType = unknown; name = "Inter_24pt-Medium.ttf"; path = "../assets/fonts/Inter_24pt-Medium.ttf"; sourceTree = "<group>"; };
		5309D5D5FFCE483283683C40 /* Inter_18pt-Light.ttf */ = {isa = PBXFileReference; explicitFileType = undefined; fileEncoding = undefined; includeInIndex = 0; lastKnownFileType = unknown; name = "Inter_18pt-Light.ttf"; path = "../assets/fonts/Inter_18pt-Light.ttf"; sourceTree = "<group>"; };
		53A4E9F26AA14D41AA9FB52F /* Inter_28pt-SemiBold.ttf */ = {isa = PBXFileReference; explicitFileType = undefined; fileEncoding = undefined; includeInIndex = 0; lastKnownFileType = unknown; name = "Inter_28pt-SemiBold.ttf"; path = "../assets/fonts/Inter_28pt-SemiBold.ttf"; sourceTree = "<group>"; };
		5EA992B37BC74699A54A536B /* Inter_24pt-SemiBold.ttf */ = {isa = PBXFileReference; explicitFileType = undefined; fileEncoding = undefined; includeInIndex = 0; lastKnownFileType = unknown; name = "Inter_24pt-SemiBold.ttf"; path = "../assets/fonts/Inter_24pt-SemiBold.ttf"; sourceTree = "<group>"; };
		635C8364FDD9449FA2B572C3 /* Inter_24pt-Italic.ttf */ = {isa = PBXFileReference; explicitFileType = undefined; fileEncoding = undefined; includeInIndex = 0; lastKnownFileType = unknown; name = "Inter_24pt-Italic.ttf"; path = "../assets/fonts/Inter_24pt-Italic.ttf"; sourceTree = "<group>"; };
		661D00746807DB59A753C397 /* PrivacyInfo.xcprivacy */ = {isa = PBXFileReference; includeInIndex = 1; name = PrivacyInfo.xcprivacy; path = SocialMedia/PrivacyInfo.xcprivacy; sourceTree = "<group>"; };
		6858C9F7FE5E409BB5CF1EEF /* Inter_18pt-LightItalic.ttf */ = {isa = PBXFileReference; explicitFileType = undefined; fileEncoding = undefined; includeInIndex = 0; lastKnownFileType = unknown; name = "Inter_18pt-LightItalic.ttf"; path = "../assets/fonts/Inter_18pt-LightItalic.ttf"; sourceTree = "<group>"; };
		6BA92D1D9DFE4E9B91BE0A19 /* Inter_28pt-LightItalic.ttf */ = {isa = PBXFileReference; explicitFileType = undefined; fileEncoding = undefined; includeInIndex = 0; lastKnownFileType = unknown; name = "Inter_28pt-LightItalic.ttf"; path = "../assets/fonts/Inter_28pt-LightItalic.ttf"; sourceTree = "<group>"; };
		6C76D958E3984990898A8309 /* Inter_18pt-Bold.ttf */ = {isa = PBXFileReference; explicitFileType = undefined; fileEncoding = undefined; includeInIndex = 0; lastKnownFileType = unknown; name = "Inter_18pt-Bold.ttf"; path = "../assets/fonts/Inter_18pt-Bold.ttf"; sourceTree = "<group>"; };
		6DDD5EE1A27127BBE2EFAB8D /* libPods-SocialMedia-SocialMediaTests.a */ = {isa = PBXFileReference; explicitFileType = archive.ar; includeInIndex = 0; path = "libPods-SocialMedia-SocialMediaTests.a"; sourceTree = BUILT_PRODUCTS_DIR; };
		6FBDDB89C2B14D7E8C937D42 /* Inter_24pt-BlackItalic.ttf */ = {isa = PBXFileReference; explicitFileType = undefined; fileEncoding = undefined; includeInIndex = 0; lastKnownFileType = unknown; name = "Inter_24pt-BlackItalic.ttf"; path = "../assets/fonts/Inter_24pt-BlackItalic.ttf"; sourceTree = "<group>"; };
		70930C1330B2422B856ADA8D /* Inter_18pt-ThinItalic.ttf */ = {isa = PBXFileReference; explicitFileType = undefined; fileEncoding = undefined; includeInIndex = 0; lastKnownFileType = unknown; name = "Inter_18pt-ThinItalic.ttf"; path = "../assets/fonts/Inter_18pt-ThinItalic.ttf"; sourceTree = "<group>"; };
		70B2FA1A61004D95AE081B9B /* Inter_28pt-Black.ttf */ = {isa = PBXFileReference; explicitFileType = undefined; fileEncoding = undefined; includeInIndex = 0; lastKnownFileType = unknown; name = "Inter_28pt-Black.ttf"; path = "../assets/fonts/Inter_28pt-Black.ttf"; sourceTree = "<group>"; };
		71BC14DDD670C6D75C7F740C /* Pods-SocialMedia.release.xcconfig */ = {isa = PBXFileReference; includeInIndex = 1; lastKnownFileType = text.xcconfig; name = "Pods-SocialMedia.release.xcconfig"; path = "Target Support Files/Pods-SocialMedia/Pods-SocialMedia.release.xcconfig"; sourceTree = "<group>"; };
		74C5B0581021491ABADC4896 /* Inter_18pt-Regular.ttf */ = {isa = PBXFileReference; explicitFileType = undefined; fileEncoding = undefined; includeInIndex = 0; lastKnownFileType = unknown; name = "Inter_18pt-Regular.ttf"; path = "../assets/fonts/Inter_18pt-Regular.ttf"; sourceTree = "<group>"; };
		7A6D376CE7804C44A690BFB7 /* Inter_24pt-ExtraLight.ttf */ = {isa = PBXFileReference; explicitFileType = undefined; fileEncoding = undefined; includeInIndex = 0; lastKnownFileType = unknown; name = "Inter_24pt-ExtraLight.ttf"; path = "../assets/fonts/Inter_24pt-ExtraLight.ttf"; sourceTree = "<group>"; };
		7D2B2B1A78014ED38043BD7A /* Inter_28pt-Regular.ttf */ = {isa = PBXFileReference; explicitFileType = undefined; fileEncoding = undefined; includeInIndex = 0; lastKnownFileType = unknown; name = "Inter_28pt-Regular.ttf"; path = "../assets/fonts/Inter_28pt-Regular.ttf"; sourceTree = "<group>"; };
		7EBFFF5399094D59A45A98E4 /* Inter_28pt-ThinItalic.ttf */ = {isa = PBXFileReference; explicitFileType = undefined; fileEncoding = undefined; includeInIndex = 0; lastKnownFileType = unknown; name = "Inter_28pt-ThinItalic.ttf"; path = "../assets/fonts/Inter_28pt-ThinItalic.ttf"; sourceTree = "<group>"; };
		81AB9BB72411601600AC10FF /* LaunchScreen.storyboard */ = {isa = PBXFileReference; fileEncoding = 4; lastKnownFileType = file.storyboard; name = LaunchScreen.storyboard; path = SocialMedia/LaunchScreen.storyboard; sourceTree = "<group>"; };
		87BF97F528BC4DBEA0453D9F /* Inter_24pt-Thin.ttf */ = {isa = PBXFileReference; explicitFileType = undefined; fileEncoding = undefined; includeInIndex = 0; lastKnownFileType = unknown; name = "Inter_24pt-Thin.ttf"; path = "../assets/fonts/Inter_24pt-Thin.ttf"; sourceTree = "<group>"; };
		912FC1FFA388404893098F28 /* Inter_18pt-Medium.ttf */ = {isa = PBXFileReference; explicitFileType = undefined; fileEncoding = undefined; includeInIndex = 0; lastKnownFileType = unknown; name = "Inter_18pt-Medium.ttf"; path = "../assets/fonts/Inter_18pt-Medium.ttf"; sourceTree = "<group>"; };
		9435ACD975A540E797F036BE /* Inter_18pt-BlackItalic.ttf */ = {isa = PBXFileReference; explicitFileType = undefined; fileEncoding = undefined; includeInIndex = 0; lastKnownFileType = unknown; name = "Inter_18pt-BlackItalic.ttf"; path = "../assets/fonts/Inter_18pt-BlackItalic.ttf"; sourceTree = "<group>"; };
		9C96B4CB19D44C54B4BCA038 /* Inter_24pt-BoldItalic.ttf */ = {isa = PBXFileReference; explicitFileType = undefined; fileEncoding = undefined; includeInIndex = 0; lastKnownFileType = unknown; name = "Inter_24pt-BoldItalic.ttf"; path = "../assets/fonts/Inter_24pt-BoldItalic.ttf"; sourceTree = "<group>"; };
		A9DBFA8C0B3749B69E6931AB /* Inter_18pt-ExtraBold.ttf */ = {isa = PBXFileReference; explicitFileType = undefined; fileEncoding = undefined; includeInIndex = 0; lastKnownFileType = unknown; name = "Inter_18pt-ExtraBold.ttf"; path = "../assets/fonts/Inter_18pt-ExtraBold.ttf"; sourceTree = "<group>"; };
		B4DDDD4953A94184B7BD5034 /* Inter_28pt-Italic.ttf */ = {isa = PBXFileReference; explicitFileType = undefined; fileEncoding = undefined; includeInIndex = 0; lastKnownFileType = unknown; name = "Inter_28pt-Italic.ttf"; path = "../assets/fonts/Inter_28pt-Italic.ttf"; sourceTree = "<group>"; };
		C1D8AF7DFE3F4DBC8CBF71A7 /* Inter_24pt-Black.ttf */ = {isa = PBXFileReference; explicitFileType = undefined; fileEncoding = undefined; includeInIndex = 0; lastKnownFileType = unknown; name = "Inter_24pt-Black.ttf"; path = "../assets/fonts/Inter_24pt-Black.ttf"; sourceTree = "<group>"; };
		C309856CD74D4FB8980FB57F /* Inter_18pt-BoldItalic.ttf */ = {isa = PBXFileReference; explicitFileType = undefined; fileEncoding = undefined; includeInIndex = 0; lastKnownFileType = unknown; name = "Inter_18pt-BoldItalic.ttf"; path = "../assets/fonts/Inter_18pt-BoldItalic.ttf"; sourceTree = "<group>"; };
		CC30692188724EB78A579013 /* Inter_28pt-ExtraBoldItalic.ttf */ = {isa = PBXFileReference; explicitFileType = undefined; fileEncoding = undefined; includeInIndex = 0; lastKnownFileType = unknown; name = "Inter_28pt-ExtraBoldItalic.ttf"; path = "../assets/fonts/Inter_28pt-ExtraBoldItalic.ttf"; sourceTree = "<group>"; };
		CFD77D88DC714C39B6E6A9A2 /* Inter_24pt-Bold.ttf */ = {isa = PBXFileReference; explicitFileType = undefined; fileEncoding = undefined; includeInIndex = 0; lastKnownFileType = unknown; name = "Inter_24pt-Bold.ttf"; path = "../assets/fonts/Inter_24pt-Bold.ttf"; sourceTree = "<group>"; };
		D2CC712D2C664025A41B7261 /* Inter_18pt-ExtraBoldItalic.ttf */ = {isa = PBXFileReference; explicitFileType = undefined; fileEncoding = undefined; includeInIndex = 0; lastKnownFileType = unknown; name = "Inter_18pt-ExtraBoldItalic.ttf"; path = "../assets/fonts/Inter_18pt-ExtraBoldItalic.ttf"; sourceTree = "<group>"; };
		D2D6265E9DBD4E20A39AE5D3 /* Inter_24pt-LightItalic.ttf */ = {isa = PBXFileReference; explicitFileType = undefined; fileEncoding = undefined; includeInIndex = 0; lastKnownFileType = unknown; name = "Inter_24pt-LightItalic.ttf"; path = "../assets/fonts/Inter_24pt-LightItalic.ttf"; sourceTree = "<group>"; };
		D4E6B9526CB8452BA967B15B /* Inter_24pt-ThinItalic.ttf */ = {isa = PBXFileReference; explicitFileType = undefined; fileEncoding = undefined; includeInIndex = 0; lastKnownFileType = unknown; name = "Inter_24pt-ThinItalic.ttf"; path = "../assets/fonts/Inter_24pt-ThinItalic.ttf"; sourceTree = "<group>"; };
		DA7B2AB490CB4133A1723971 /* Inter_18pt-Black.ttf */ = {isa = PBXFileReference; explicitFileType = undefined; fileEncoding = undefined; includeInIndex = 0; lastKnownFileType = unknown; name = "Inter_18pt-Black.ttf"; path = "../assets/fonts/Inter_18pt-Black.ttf"; sourceTree = "<group>"; };
		DBE2F06FF8CD42379F228DF4 /* Inter_28pt-Light.ttf */ = {isa = PBXFileReference; explicitFileType = undefined; fileEncoding = undefined; includeInIndex = 0; lastKnownFileType = unknown; name = "Inter_28pt-Light.ttf"; path = "../assets/fonts/Inter_28pt-Light.ttf"; sourceTree = "<group>"; };
		E3548E134E27476FA50D587D /* Inter_28pt-Bold.ttf */ = {isa = PBXFileReference; explicitFileType = undefined; fileEncoding = undefined; includeInIndex = 0; lastKnownFileType = unknown; name = "Inter_28pt-Bold.ttf"; path = "../assets/fonts/Inter_28pt-Bold.ttf"; sourceTree = "<group>"; };
		E6F846E7F2D3413881768A3F /* Inter_28pt-BlackItalic.ttf */ = {isa = PBXFileReference; explicitFileType = undefined; fileEncoding = undefined; includeInIndex = 0; lastKnownFileType = unknown; name = "Inter_28pt-BlackItalic.ttf"; path = "../assets/fonts/Inter_28pt-BlackItalic.ttf"; sourceTree = "<group>"; };
		ED297162215061F000B7C4FE /* JavaScriptCore.framework */ = {isa = PBXFileReference; lastKnownFileType = wrapper.framework; name = JavaScriptCore.framework; path = System/Library/Frameworks/JavaScriptCore.framework; sourceTree = SDKROOT; };
		F0ADAD05AF5D43F8B9FEF526 /* Inter_18pt-ExtraLightItalic.ttf */ = {isa = PBXFileReference; explicitFileType = undefined; fileEncoding = undefined; includeInIndex = 0; lastKnownFileType = unknown; name = "Inter_18pt-ExtraLightItalic.ttf"; path = "../assets/fonts/Inter_18pt-ExtraLightItalic.ttf"; sourceTree = "<group>"; };
		F28444D0A0084C12AC38F084 /* Inter_18pt-SemiBoldItalic.ttf */ = {isa = PBXFileReference; explicitFileType = undefined; fileEncoding = undefined; includeInIndex = 0; lastKnownFileType = unknown; name = "Inter_18pt-SemiBoldItalic.ttf"; path = "../assets/fonts/Inter_18pt-SemiBoldItalic.ttf"; sourceTree = "<group>"; };
		F3E535603CEC4C548A1B500E /* Inter_28pt-ExtraBold.ttf */ = {isa = PBXFileReference; explicitFileType = undefined; fileEncoding = undefined; includeInIndex = 0; lastKnownFileType = unknown; name = "Inter_28pt-ExtraBold.ttf"; path = "../assets/fonts/Inter_28pt-ExtraBold.ttf"; sourceTree = "<group>"; };
		F7D93C6E714804DA7DEDB261 /* Pods-SocialMedia.debug.xcconfig */ = {isa = PBXFileReference; includeInIndex = 1; lastKnownFileType = text.xcconfig; name = "Pods-SocialMedia.debug.xcconfig"; path = "Target Support Files/Pods-SocialMedia/Pods-SocialMedia.debug.xcconfig"; sourceTree = "<group>"; };
/* End PBXFileReference section */

/* Begin PBXFrameworksBuildPhase section */
		00E356EB1AD99517003FC87E /* Frameworks */ = {
			isa = PBXFrameworksBuildPhase;
			buildActionMask = 2147483647;
			files = (
				3CF3E94ED165B6F00502BBD0 /* libPods-SocialMedia-SocialMediaTests.a in Frameworks */,
			);
			runOnlyForDeploymentPostprocessing = 0;
		};
		13B07F8C1A680F5B00A75B9A /* Frameworks */ = {
			isa = PBXFrameworksBuildPhase;
			buildActionMask = 2147483647;
			files = (
				18C9A27C6CB24D2CB48E4D01 /* libPods-SocialMedia.a in Frameworks */,
			);
			runOnlyForDeploymentPostprocessing = 0;
		};
/* End PBXFrameworksBuildPhase section */

/* Begin PBXGroup section */
		00E356EF1AD99517003FC87E /* SocialMediaTests */ = {
			isa = PBXGroup;
			children = (
				00E356F21AD99517003FC87E /* SocialMediaTests.m */,
				00E356F01AD99517003FC87E /* Supporting Files */,
			);
			path = SocialMediaTests;
			sourceTree = "<group>";
		};
		00E356F01AD99517003FC87E /* Supporting Files */ = {
			isa = PBXGroup;
			children = (
				00E356F11AD99517003FC87E /* Info.plist */,
			);
			name = "Supporting Files";
			sourceTree = "<group>";
		};
		13B07FAE1A68108700A75B9A /* SocialMedia */ = {
			isa = PBXGroup;
			children = (
				13B07FAF1A68108700A75B9A /* AppDelegate.h */,
				13B07FB01A68108700A75B9A /* AppDelegate.mm */,
				13B07FB51A68108700A75B9A /* Images.xcassets */,
				13B07FB61A68108700A75B9A /* Info.plist */,
				81AB9BB72411601600AC10FF /* LaunchScreen.storyboard */,
				13B07FB71A68108700A75B9A /* main.m */,
				13B07FB81A68108700A75B9A /* PrivacyInfo.xcprivacy */,
				661D00746807DB59A753C397 /* PrivacyInfo.xcprivacy */,
			);
			name = SocialMedia;
			sourceTree = "<group>";
		};
		2D16E6871FA4F8E400B85C8A /* Frameworks */ = {
			isa = PBXGroup;
			children = (
				ED297162215061F000B7C4FE /* JavaScriptCore.framework */,
				2FAAC1B8B5A6DD4A21BD51DF /* libPods-SocialMedia.a */,
				6DDD5EE1A27127BBE2EFAB8D /* libPods-SocialMedia-SocialMediaTests.a */,
			);
			name = Frameworks;
			sourceTree = "<group>";
		};
		832341AE1AAA6A7D00B99B32 /* Libraries */ = {
			isa = PBXGroup;
			children = (
			);
			name = Libraries;
			sourceTree = "<group>";
		};
		83CBB9F61A601CBA00E9B192 = {
			isa = PBXGroup;
			children = (
				13B07FAE1A68108700A75B9A /* SocialMedia */,
				832341AE1AAA6A7D00B99B32 /* Libraries */,
				00E356EF1AD99517003FC87E /* SocialMediaTests */,
				83CBBA001A601CBA00E9B192 /* Products */,
				2D16E6871FA4F8E400B85C8A /* Frameworks */,
				BBD78D7AC51CEA395F1C20DB /* Pods */,
				9B434EF36ADD485EA3CB7E0E /* Resources */,
			);
			indentWidth = 2;
			sourceTree = "<group>";
			tabWidth = 2;
			usesTabs = 0;
		};
		83CBBA001A601CBA00E9B192 /* Products */ = {
			isa = PBXGroup;
			children = (
				13B07F961A680F5B00A75B9A /* SocialMedia.app */,
				00E356EE1AD99517003FC87E /* SocialMediaTests.xctest */,
			);
			name = Products;
			sourceTree = "<group>";
		};
		9B434EF36ADD485EA3CB7E0E /* Resources */ = {
			isa = PBXGroup;
			children = (
				DA7B2AB490CB4133A1723971 /* Inter_18pt-Black.ttf */,
				9435ACD975A540E797F036BE /* Inter_18pt-BlackItalic.ttf */,
				6C76D958E3984990898A8309 /* Inter_18pt-Bold.ttf */,
				C309856CD74D4FB8980FB57F /* Inter_18pt-BoldItalic.ttf */,
				A9DBFA8C0B3749B69E6931AB /* Inter_18pt-ExtraBold.ttf */,
				D2CC712D2C664025A41B7261 /* Inter_18pt-ExtraBoldItalic.ttf */,
				00B3273B93024D8299B60829 /* Inter_18pt-ExtraLight.ttf */,
				F0ADAD05AF5D43F8B9FEF526 /* Inter_18pt-ExtraLightItalic.ttf */,
				41D40D1064144C239B6CB026 /* Inter_18pt-Italic.ttf */,
				5309D5D5FFCE483283683C40 /* Inter_18pt-Light.ttf */,
				6858C9F7FE5E409BB5CF1EEF /* Inter_18pt-LightItalic.ttf */,
				912FC1FFA388404893098F28 /* Inter_18pt-Medium.ttf */,
				03356F6E4DC7469D9600C172 /* Inter_18pt-MediumItalic.ttf */,
				74C5B0581021491ABADC4896 /* Inter_18pt-Regular.ttf */,
				1593F5B45FCD4352B288097D /* Inter_18pt-SemiBold.ttf */,
				F28444D0A0084C12AC38F084 /* Inter_18pt-SemiBoldItalic.ttf */,
				4435D9E5E82D431386DA957B /* Inter_18pt-Thin.ttf */,
				70930C1330B2422B856ADA8D /* Inter_18pt-ThinItalic.ttf */,
				C1D8AF7DFE3F4DBC8CBF71A7 /* Inter_24pt-Black.ttf */,
				6FBDDB89C2B14D7E8C937D42 /* Inter_24pt-BlackItalic.ttf */,
				CFD77D88DC714C39B6E6A9A2 /* Inter_24pt-Bold.ttf */,
				9C96B4CB19D44C54B4BCA038 /* Inter_24pt-BoldItalic.ttf */,
				175DBFD7288842D4BDA06BE1 /* Inter_24pt-ExtraBold.ttf */,
				2F7AB428EA134843BACDABEB /* Inter_24pt-ExtraBoldItalic.ttf */,
				7A6D376CE7804C44A690BFB7 /* Inter_24pt-ExtraLight.ttf */,
				4BA22262609D4BF0AB1D1E46 /* Inter_24pt-ExtraLightItalic.ttf */,
				635C8364FDD9449FA2B572C3 /* Inter_24pt-Italic.ttf */,
				24269EAC4220403D8F4ACB0C /* Inter_24pt-Light.ttf */,
				D2D6265E9DBD4E20A39AE5D3 /* Inter_24pt-LightItalic.ttf */,
				4BF5BFCF497744F499128687 /* Inter_24pt-Medium.ttf */,
				17986F9CBBE0415EA06A9B7A /* Inter_24pt-MediumItalic.ttf */,
				23696078BE294C0F8A56519A /* Inter_24pt-Regular.ttf */,
				5EA992B37BC74699A54A536B /* Inter_24pt-SemiBold.ttf */,
				3031924DB9DC4F789A55C8FA /* Inter_24pt-SemiBoldItalic.ttf */,
				87BF97F528BC4DBEA0453D9F /* Inter_24pt-Thin.ttf */,
				D4E6B9526CB8452BA967B15B /* Inter_24pt-ThinItalic.ttf */,
				70B2FA1A61004D95AE081B9B /* Inter_28pt-Black.ttf */,
				E6F846E7F2D3413881768A3F /* Inter_28pt-BlackItalic.ttf */,
				E3548E134E27476FA50D587D /* Inter_28pt-Bold.ttf */,
				16A436E8ABEA4D85B1B2EB5C /* Inter_28pt-BoldItalic.ttf */,
				F3E535603CEC4C548A1B500E /* Inter_28pt-ExtraBold.ttf */,
				CC30692188724EB78A579013 /* Inter_28pt-ExtraBoldItalic.ttf */,
				13C0ED3DE5EC402C92DAB05F /* Inter_28pt-ExtraLight.ttf */,
				41DAE0D2220C42169C762050 /* Inter_28pt-ExtraLightItalic.ttf */,
				B4DDDD4953A94184B7BD5034 /* Inter_28pt-Italic.ttf */,
				DBE2F06FF8CD42379F228DF4 /* Inter_28pt-Light.ttf */,
				6BA92D1D9DFE4E9B91BE0A19 /* Inter_28pt-LightItalic.ttf */,
				10A7235AA6D3419490BCC508 /* Inter_28pt-Medium.ttf */,
				14B93C5CD2EE4427B9B60E63 /* Inter_28pt-MediumItalic.ttf */,
				7D2B2B1A78014ED38043BD7A /* Inter_28pt-Regular.ttf */,
				53A4E9F26AA14D41AA9FB52F /* Inter_28pt-SemiBold.ttf */,
				1356DD6382DA4CE9827CDF24 /* Inter_28pt-SemiBoldItalic.ttf */,
				3E66507428834F5DB29F56CD /* Inter_28pt-Thin.ttf */,
				7EBFFF5399094D59A45A98E4 /* Inter_28pt-ThinItalic.ttf */,
			);
			name = Resources;
			path = "";
			sourceTree = "<group>";
		};
		BBD78D7AC51CEA395F1C20DB /* Pods */ = {
			isa = PBXGroup;
			children = (
				F7D93C6E714804DA7DEDB261 /* Pods-SocialMedia.debug.xcconfig */,
				71BC14DDD670C6D75C7F740C /* Pods-SocialMedia.release.xcconfig */,
				05227FC8D2F3BC24222D67B7 /* Pods-SocialMedia-SocialMediaTests.debug.xcconfig */,
				0B638ABEBF326B2AAA1D9E2D /* Pods-SocialMedia-SocialMediaTests.release.xcconfig */,
			);
			path = Pods;
			sourceTree = "<group>";
		};
/* End PBXGroup section */

/* Begin PBXNativeTarget section */
		00E356ED1AD99517003FC87E /* SocialMediaTests */ = {
			isa = PBXNativeTarget;
			buildConfigurationList = 00E357021AD99517003FC87E /* Build configuration list for PBXNativeTarget "SocialMediaTests" */;
			buildPhases = (
				5EBC61C29163440B3ECA6C56 /* [CP] Check Pods Manifest.lock */,
				00E356EA1AD99517003FC87E /* Sources */,
				00E356EB1AD99517003FC87E /* Frameworks */,
				00E356EC1AD99517003FC87E /* Resources */,
				D82B070E3B0C603B678A238C /* [CP] Embed Pods Frameworks */,
				A7D7E55BCB8CF6FCD780F7CC /* [CP] Copy Pods Resources */,
			);
			buildRules = (
			);
			dependencies = (
				00E356F51AD99517003FC87E /* PBXTargetDependency */,
			);
			name = SocialMediaTests;
			productName = SocialMediaTests;
			productReference = 00E356EE1AD99517003FC87E /* SocialMediaTests.xctest */;
			productType = "com.apple.product-type.bundle.unit-test";
		};
		13B07F861A680F5B00A75B9A /* SocialMedia */ = {
			isa = PBXNativeTarget;
			buildConfigurationList = 13B07F931A680F5B00A75B9A /* Build configuration list for PBXNativeTarget "SocialMedia" */;
			buildPhases = (
				69920DD297F609554B6C86EF /* [CP] Check Pods Manifest.lock */,
				13B07F871A680F5B00A75B9A /* Sources */,
				13B07F8C1A680F5B00A75B9A /* Frameworks */,
				13B07F8E1A680F5B00A75B9A /* Resources */,
				00DD1BFF1BD5951E006B06BC /* Bundle React Native code and images */,
				63145E8CF27183CE47FAAA01 /* [CP] Embed Pods Frameworks */,
				C4170E858268813EC9E126DF /* [CP] Copy Pods Resources */,
			);
			buildRules = (
			);
			dependencies = (
			);
			name = SocialMedia;
			productName = SocialMedia;
			productReference = 13B07F961A680F5B00A75B9A /* SocialMedia.app */;
			productType = "com.apple.product-type.application";
		};
/* End PBXNativeTarget section */

/* Begin PBXProject section */
		83CBB9F71A601CBA00E9B192 /* Project object */ = {
			isa = PBXProject;
			attributes = {
				LastUpgradeCheck = 1210;
				TargetAttributes = {
					00E356ED1AD99517003FC87E = {
						CreatedOnToolsVersion = 6.2;
						TestTargetID = 13B07F861A680F5B00A75B9A;
					};
					13B07F861A680F5B00A75B9A = {
						LastSwiftMigration = 1120;
					};
				};
			};
			buildConfigurationList = 83CBB9FA1A601CBA00E9B192 /* Build configuration list for PBXProject "SocialMedia" */;
			compatibilityVersion = "Xcode 12.0";
			developmentRegion = en;
			hasScannedForEncodings = 0;
			knownRegions = (
				en,
				Base,
			);
			mainGroup = 83CBB9F61A601CBA00E9B192;
			productRefGroup = 83CBBA001A601CBA00E9B192 /* Products */;
			projectDirPath = "";
			projectRoot = "";
			targets = (
				13B07F861A680F5B00A75B9A /* SocialMedia */,
				00E356ED1AD99517003FC87E /* SocialMediaTests */,
			);
		};
/* End PBXProject section */

/* Begin PBXResourcesBuildPhase section */
		00E356EC1AD99517003FC87E /* Resources */ = {
			isa = PBXResourcesBuildPhase;
			buildActionMask = 2147483647;
			files = (
			);
			runOnlyForDeploymentPostprocessing = 0;
		};
		13B07F8E1A680F5B00A75B9A /* Resources */ = {
			isa = PBXResourcesBuildPhase;
			buildActionMask = 2147483647;
			files = (
				81AB9BB82411601600AC10FF /* LaunchScreen.storyboard in Resources */,
				13B07FBF1A68108700A75B9A /* Images.xcassets in Resources */,
				1913F78B63543B7A327E79F7 /* PrivacyInfo.xcprivacy in Resources */,
				C950FC240DD246F2B96CFE2C /* Inter_18pt-Black.ttf in Resources */,
				81C732BC64824522BBC3F94F /* Inter_18pt-BlackItalic.ttf in Resources */,
				0B0EC3A61DCF41A29AFEA567 /* Inter_18pt-Bold.ttf in Resources */,
				5E3EEBD78FBD484084CAE57F /* Inter_18pt-BoldItalic.ttf in Resources */,
				8FD58E5ED69144B5BF6337CA /* Inter_18pt-ExtraBold.ttf in Resources */,
				FB1F54381D3B41AD87BA30C8 /* Inter_18pt-ExtraBoldItalic.ttf in Resources */,
				E9B7AF7D1DA64CF4B512216F /* Inter_18pt-ExtraLight.ttf in Resources */,
				28A998EB73A34E16ADE86E67 /* Inter_18pt-ExtraLightItalic.ttf in Resources */,
				E7D817E652AA48AEBCA048D4 /* Inter_18pt-Italic.ttf in Resources */,
				364C3829ADF64AEFAECE9A89 /* Inter_18pt-Light.ttf in Resources */,
				AEE2457601E64606A45E7C75 /* Inter_18pt-LightItalic.ttf in Resources */,
				8B88CDE2212B4246858F063C /* Inter_18pt-Medium.ttf in Resources */,
				4A1C1C7F2FF549FB89445AD4 /* Inter_18pt-MediumItalic.ttf in Resources */,
				CD0EB8084A064D5E889BBDAA /* Inter_18pt-Regular.ttf in Resources */,
				7A89C7CBA4E64893AC55D9E1 /* Inter_18pt-SemiBold.ttf in Resources */,
				CD2052E8C3CE4E3A888A5C48 /* Inter_18pt-SemiBoldItalic.ttf in Resources */,
				1171E005DAA74542BC5E070E /* Inter_18pt-Thin.ttf in Resources */,
				2F52E9A76D244E4FB1F96997 /* Inter_18pt-ThinItalic.ttf in Resources */,
				D6CF90573DDA43E4B41EC195 /* Inter_24pt-Black.ttf in Resources */,
				C4B39E60BE84406A81DB0E57 /* Inter_24pt-BlackItalic.ttf in Resources */,
				9EB8318847324FE4B5CE7483 /* Inter_24pt-Bold.ttf in Resources */,
				9E298B6FDA1E406D986D8418 /* Inter_24pt-BoldItalic.ttf in Resources */,
				E10B7481007F40E89AD1C538 /* Inter_24pt-ExtraBold.ttf in Resources */,
				04E4A9BEE6354FCA9A9EEAD1 /* Inter_24pt-ExtraBoldItalic.ttf in Resources */,
				FC4C2901727F4A47B110DBD0 /* Inter_24pt-ExtraLight.ttf in Resources */,
				601173B2E83D4952B65924DE /* Inter_24pt-ExtraLightItalic.ttf in Resources */,
				399969FBF1D64399B19D613B /* Inter_24pt-Italic.ttf in Resources */,
				B669C8A775E0496B8F4E2460 /* Inter_24pt-Light.ttf in Resources */,
				26054F0208A04810BA8D2D14 /* Inter_24pt-LightItalic.ttf in Resources */,
				83DB7B12CB9D48E6930657C2 /* Inter_24pt-Medium.ttf in Resources */,
				195A25292AA44E2F8B67F3A9 /* Inter_24pt-MediumItalic.ttf in Resources */,
				26168ECCD3C24D768F621F2C /* Inter_24pt-Regular.ttf in Resources */,
				A9502B914BB74226A0BC914C /* Inter_24pt-SemiBold.ttf in Resources */,
				DA008D73D6704181AEC8D585 /* Inter_24pt-SemiBoldItalic.ttf in Resources */,
				D274F0AF84994854B4FE248B /* Inter_24pt-Thin.ttf in Resources */,
				3BF351B9D7734469B1050067 /* Inter_24pt-ThinItalic.ttf in Resources */,
				48166CC3E67C43A18BADB9AE /* Inter_28pt-Black.ttf in Resources */,
				760A568F76B44C7795777798 /* Inter_28pt-BlackItalic.ttf in Resources */,
				01A910974B8C4C68BF5B1E2D /* Inter_28pt-Bold.ttf in Resources */,
				8E91CE5BA1024D7DA9620E43 /* Inter_28pt-BoldItalic.ttf in Resources */,
				E0F6B090A6164B809F56CF3D /* Inter_28pt-ExtraBold.ttf in Resources */,
				739E6CDDE48A45BFB3B0923E /* Inter_28pt-ExtraBoldItalic.ttf in Resources */,
				218FCB75B7AD4560934097B1 /* Inter_28pt-ExtraLight.ttf in Resources */,
				7C7C412FC8A24587B2F2986E /* Inter_28pt-ExtraLightItalic.ttf in Resources */,
				1C72FAE015C645AC8175D8A3 /* Inter_28pt-Italic.ttf in Resources */,
				7532E8E53FB8487695D30FBA /* Inter_28pt-Light.ttf in Resources */,
				6C6BFC945BD64A9A85BEDDAB /* Inter_28pt-LightItalic.ttf in Resources */,
				DA729B5394C047DB94B52F91 /* Inter_28pt-Medium.ttf in Resources */,
				1E0E586D455F42FDAC755763 /* Inter_28pt-MediumItalic.ttf in Resources */,
				F02DB5A938D84A39AE5ABA80 /* Inter_28pt-Regular.ttf in Resources */,
				13BCF48D786E4D3D95338365 /* Inter_28pt-SemiBold.ttf in Resources */,
				3E6EA24136EE4A838030ED31 /* Inter_28pt-SemiBoldItalic.ttf in Resources */,
				A72DBC013B5B42089A3D5285 /* Inter_28pt-Thin.ttf in Resources */,
				7FF1504857E44F9A9B74B749 /* Inter_28pt-ThinItalic.ttf in Resources */,
			);
			runOnlyForDeploymentPostprocessing = 0;
		};
/* End PBXResourcesBuildPhase section */

/* Begin PBXShellScriptBuildPhase section */
		00DD1BFF1BD5951E006B06BC /* Bundle React Native code and images */ = {
			isa = PBXShellScriptBuildPhase;
			buildActionMask = 2147483647;
			files = (
			);
			inputPaths = (
				"$(SRCROOT)/.xcode.env.local",
				"$(SRCROOT)/.xcode.env",
			);
			name = "Bundle React Native code and images";
			outputPaths = (
			);
			runOnlyForDeploymentPostprocessing = 0;
			shellPath = /bin/sh;
			shellScript = "set -e\n\nWITH_ENVIRONMENT=\"$REACT_NATIVE_PATH/scripts/xcode/with-environment.sh\"\nREACT_NATIVE_XCODE=\"$REACT_NATIVE_PATH/scripts/react-native-xcode.sh\"\n\n/bin/sh -c \"$WITH_ENVIRONMENT $REACT_NATIVE_XCODE\"\n";
		};
		5EBC61C29163440B3ECA6C56 /* [CP] Check Pods Manifest.lock */ = {
			isa = PBXShellScriptBuildPhase;
			buildActionMask = 2147483647;
			files = (
			);
			inputFileListPaths = (
			);
			inputPaths = (
				"${PODS_PODFILE_DIR_PATH}/Podfile.lock",
				"${PODS_ROOT}/Manifest.lock",
			);
			name = "[CP] Check Pods Manifest.lock";
			outputFileListPaths = (
			);
			outputPaths = (
				"$(DERIVED_FILE_DIR)/Pods-SocialMedia-SocialMediaTests-checkManifestLockResult.txt",
			);
			runOnlyForDeploymentPostprocessing = 0;
			shellPath = /bin/sh;
			shellScript = "diff \"${PODS_PODFILE_DIR_PATH}/Podfile.lock\" \"${PODS_ROOT}/Manifest.lock\" > /dev/null\nif [ $? != 0 ] ; then\n    # print error to STDERR\n    echo \"error: The sandbox is not in sync with the Podfile.lock. Run 'pod install' or update your CocoaPods installation.\" >&2\n    exit 1\nfi\n# This output is used by Xcode 'outputs' to avoid re-running this script phase.\necho \"SUCCESS\" > \"${SCRIPT_OUTPUT_FILE_0}\"\n";
			showEnvVarsInLog = 0;
		};
		63145E8CF27183CE47FAAA01 /* [CP] Embed Pods Frameworks */ = {
			isa = PBXShellScriptBuildPhase;
			buildActionMask = 2147483647;
			files = (
			);
			inputFileListPaths = (
				"${PODS_ROOT}/Target Support Files/Pods-SocialMedia/Pods-SocialMedia-frameworks-${CONFIGURATION}-input-files.xcfilelist",
			);
			name = "[CP] Embed Pods Frameworks";
			outputFileListPaths = (
				"${PODS_ROOT}/Target Support Files/Pods-SocialMedia/Pods-SocialMedia-frameworks-${CONFIGURATION}-output-files.xcfilelist",
			);
			runOnlyForDeploymentPostprocessing = 0;
			shellPath = /bin/sh;
			shellScript = "\"${PODS_ROOT}/Target Support Files/Pods-SocialMedia/Pods-SocialMedia-frameworks.sh\"\n";
			showEnvVarsInLog = 0;
		};
		69920DD297F609554B6C86EF /* [CP] Check Pods Manifest.lock */ = {
			isa = PBXShellScriptBuildPhase;
			buildActionMask = 2147483647;
			files = (
			);
			inputFileListPaths = (
			);
			inputPaths = (
				"${PODS_PODFILE_DIR_PATH}/Podfile.lock",
				"${PODS_ROOT}/Manifest.lock",
			);
			name = "[CP] Check Pods Manifest.lock";
			outputFileListPaths = (
			);
			outputPaths = (
				"$(DERIVED_FILE_DIR)/Pods-SocialMedia-checkManifestLockResult.txt",
			);
			runOnlyForDeploymentPostprocessing = 0;
			shellPath = /bin/sh;
			shellScript = "diff \"${PODS_PODFILE_DIR_PATH}/Podfile.lock\" \"${PODS_ROOT}/Manifest.lock\" > /dev/null\nif [ $? != 0 ] ; then\n    # print error to STDERR\n    echo \"error: The sandbox is not in sync with the Podfile.lock. Run 'pod install' or update your CocoaPods installation.\" >&2\n    exit 1\nfi\n# This output is used by Xcode 'outputs' to avoid re-running this script phase.\necho \"SUCCESS\" > \"${SCRIPT_OUTPUT_FILE_0}\"\n";
			showEnvVarsInLog = 0;
		};
		A7D7E55BCB8CF6FCD780F7CC /* [CP] Copy Pods Resources */ = {
			isa = PBXShellScriptBuildPhase;
			buildActionMask = 2147483647;
			files = (
			);
			inputFileListPaths = (
				"${PODS_ROOT}/Target Support Files/Pods-SocialMedia-SocialMediaTests/Pods-SocialMedia-SocialMediaTests-resources-${CONFIGURATION}-input-files.xcfilelist",
			);
			name = "[CP] Copy Pods Resources";
			outputFileListPaths = (
				"${PODS_ROOT}/Target Support Files/Pods-SocialMedia-SocialMediaTests/Pods-SocialMedia-SocialMediaTests-resources-${CONFIGURATION}-output-files.xcfilelist",
			);
			runOnlyForDeploymentPostprocessing = 0;
			shellPath = /bin/sh;
			shellScript = "\"${PODS_ROOT}/Target Support Files/Pods-SocialMedia-SocialMediaTests/Pods-SocialMedia-SocialMediaTests-resources.sh\"\n";
			showEnvVarsInLog = 0;
		};
		C4170E858268813EC9E126DF /* [CP] Copy Pods Resources */ = {
			isa = PBXShellScriptBuildPhase;
			buildActionMask = 2147483647;
			files = (
			);
			inputFileListPaths = (
				"${PODS_ROOT}/Target Support Files/Pods-SocialMedia/Pods-SocialMedia-resources-${CONFIGURATION}-input-files.xcfilelist",
			);
			name = "[CP] Copy Pods Resources";
			outputFileListPaths = (
				"${PODS_ROOT}/Target Support Files/Pods-SocialMedia/Pods-SocialMedia-resources-${CONFIGURATION}-output-files.xcfilelist",
			);
			runOnlyForDeploymentPostprocessing = 0;
			shellPath = /bin/sh;
			shellScript = "\"${PODS_ROOT}/Target Support Files/Pods-SocialMedia/Pods-SocialMedia-resources.sh\"\n";
			showEnvVarsInLog = 0;
		};
		D82B070E3B0C603B678A238C /* [CP] Embed Pods Frameworks */ = {
			isa = PBXShellScriptBuildPhase;
			buildActionMask = 2147483647;
			files = (
			);
			inputFileListPaths = (
				"${PODS_ROOT}/Target Support Files/Pods-SocialMedia-SocialMediaTests/Pods-SocialMedia-SocialMediaTests-frameworks-${CONFIGURATION}-input-files.xcfilelist",
			);
			name = "[CP] Embed Pods Frameworks";
			outputFileListPaths = (
				"${PODS_ROOT}/Target Support Files/Pods-SocialMedia-SocialMediaTests/Pods-SocialMedia-SocialMediaTests-frameworks-${CONFIGURATION}-output-files.xcfilelist",
			);
			runOnlyForDeploymentPostprocessing = 0;
			shellPath = /bin/sh;
			shellScript = "\"${PODS_ROOT}/Target Support Files/Pods-SocialMedia-SocialMediaTests/Pods-SocialMedia-SocialMediaTests-frameworks.sh\"\n";
			showEnvVarsInLog = 0;
		};
/* End PBXShellScriptBuildPhase section */

/* Begin PBXSourcesBuildPhase section */
		00E356EA1AD99517003FC87E /* Sources */ = {
			isa = PBXSourcesBuildPhase;
			buildActionMask = 2147483647;
			files = (
				00E356F31AD99517003FC87E /* SocialMediaTests.m in Sources */,
			);
			runOnlyForDeploymentPostprocessing = 0;
		};
		13B07F871A680F5B00A75B9A /* Sources */ = {
			isa = PBXSourcesBuildPhase;
			buildActionMask = 2147483647;
			files = (
				13B07FBC1A68108700A75B9A /* AppDelegate.mm in Sources */,
				13B07FC11A68108700A75B9A /* main.m in Sources */,
			);
			runOnlyForDeploymentPostprocessing = 0;
		};
/* End PBXSourcesBuildPhase section */

/* Begin PBXTargetDependency section */
		00E356F51AD99517003FC87E /* PBXTargetDependency */ = {
			isa = PBXTargetDependency;
			target = 13B07F861A680F5B00A75B9A /* SocialMedia */;
			targetProxy = 00E356F41AD99517003FC87E /* PBXContainerItemProxy */;
		};
/* End PBXTargetDependency section */

/* Begin XCBuildConfiguration section */
		00E356F61AD99517003FC87E /* Debug */ = {
			isa = XCBuildConfiguration;
			baseConfigurationReference = 05227FC8D2F3BC24222D67B7 /* Pods-SocialMedia-SocialMediaTests.debug.xcconfig */;
			buildSettings = {
				BUNDLE_LOADER = "$(TEST_HOST)";
				GCC_PREPROCESSOR_DEFINITIONS = (
					"DEBUG=1",
					"$(inherited)",
				);
				INFOPLIST_FILE = SocialMediaTests/Info.plist;
				IPHONEOS_DEPLOYMENT_TARGET = 13.4;
				LD_RUNPATH_SEARCH_PATHS = (
					"$(inherited)",
					"@executable_path/Frameworks",
					"@loader_path/Frameworks",
				);
				OTHER_LDFLAGS = (
					"-ObjC",
					"-lc++",
					"$(inherited)",
				);
				PRODUCT_BUNDLE_IDENTIFIER = "org.reactjs.native.example.$(PRODUCT_NAME:rfc1034identifier)";
				PRODUCT_NAME = "$(TARGET_NAME)";
				TEST_HOST = "$(BUILT_PRODUCTS_DIR)/SocialMedia.app/SocialMedia";
			};
			name = Debug;
		};
		00E356F71AD99517003FC87E /* Release */ = {
			isa = XCBuildConfiguration;
			baseConfigurationReference = 0B638ABEBF326B2AAA1D9E2D /* Pods-SocialMedia-SocialMediaTests.release.xcconfig */;
			buildSettings = {
				BUNDLE_LOADER = "$(TEST_HOST)";
				COPY_PHASE_STRIP = NO;
				INFOPLIST_FILE = SocialMediaTests/Info.plist;
				IPHONEOS_DEPLOYMENT_TARGET = 13.4;
				LD_RUNPATH_SEARCH_PATHS = (
					"$(inherited)",
					"@executable_path/Frameworks",
					"@loader_path/Frameworks",
				);
				OTHER_LDFLAGS = (
					"-ObjC",
					"-lc++",
					"$(inherited)",
				);
				PRODUCT_BUNDLE_IDENTIFIER = "org.reactjs.native.example.$(PRODUCT_NAME:rfc1034identifier)";
				PRODUCT_NAME = "$(TARGET_NAME)";
				TEST_HOST = "$(BUILT_PRODUCTS_DIR)/SocialMedia.app/SocialMedia";
			};
			name = Release;
		};
		13B07F941A680F5B00A75B9A /* Debug */ = {
			isa = XCBuildConfiguration;
			baseConfigurationReference = F7D93C6E714804DA7DEDB261 /* Pods-SocialMedia.debug.xcconfig */;
			buildSettings = {
				ASSETCATALOG_COMPILER_APPICON_NAME = AppIcon;
				CLANG_ENABLE_MODULES = YES;
				CURRENT_PROJECT_VERSION = 1;
				ENABLE_BITCODE = NO;
				INFOPLIST_FILE = SocialMedia/Info.plist;
				LD_RUNPATH_SEARCH_PATHS = (
					"$(inherited)",
					"@executable_path/Frameworks",
				);
				MARKETING_VERSION = 1.0;
				OTHER_LDFLAGS = (
					"$(inherited)",
					"-ObjC",
					"-lc++",
				);
				PRODUCT_BUNDLE_IDENTIFIER = "org.reactjs.native.example.$(PRODUCT_NAME:rfc1034identifier)";
				PRODUCT_NAME = SocialMedia;
				SWIFT_OPTIMIZATION_LEVEL = "-Onone";
				SWIFT_VERSION = 5.0;
				VERSIONING_SYSTEM = "apple-generic";
			};
			name = Debug;
		};
		13B07F951A680F5B00A75B9A /* Release */ = {
			isa = XCBuildConfiguration;
			baseConfigurationReference = 71BC14DDD670C6D75C7F740C /* Pods-SocialMedia.release.xcconfig */;
			buildSettings = {
				ASSETCATALOG_COMPILER_APPICON_NAME = AppIcon;
				CLANG_ENABLE_MODULES = YES;
				CURRENT_PROJECT_VERSION = 1;
				INFOPLIST_FILE = SocialMedia/Info.plist;
				LD_RUNPATH_SEARCH_PATHS = (
					"$(inherited)",
					"@executable_path/Frameworks",
				);
				MARKETING_VERSION = 1.0;
				OTHER_LDFLAGS = (
					"$(inherited)",
					"-ObjC",
					"-lc++",
				);
				PRODUCT_BUNDLE_IDENTIFIER = "org.reactjs.native.example.$(PRODUCT_NAME:rfc1034identifier)";
				PRODUCT_NAME = SocialMedia;
				SWIFT_VERSION = 5.0;
				VERSIONING_SYSTEM = "apple-generic";
			};
			name = Release;
		};
		83CBBA201A601CBA00E9B192 /* Debug */ = {
			isa = XCBuildConfiguration;
			buildSettings = {
				ALWAYS_SEARCH_USER_PATHS = NO;
				CC = "";
				CLANG_ANALYZER_LOCALIZABILITY_NONLOCALIZED = YES;
				CLANG_CXX_LANGUAGE_STANDARD = "c++20";
				CLANG_CXX_LIBRARY = "libc++";
				CLANG_ENABLE_MODULES = YES;
				CLANG_ENABLE_OBJC_ARC = YES;
				CLANG_WARN_BLOCK_CAPTURE_AUTORELEASING = YES;
				CLANG_WARN_BOOL_CONVERSION = YES;
				CLANG_WARN_COMMA = YES;
				CLANG_WARN_CONSTANT_CONVERSION = YES;
				CLANG_WARN_DEPRECATED_OBJC_IMPLEMENTATIONS = YES;
				CLANG_WARN_DIRECT_OBJC_ISA_USAGE = YES_ERROR;
				CLANG_WARN_EMPTY_BODY = YES;
				CLANG_WARN_ENUM_CONVERSION = YES;
				CLANG_WARN_INFINITE_RECURSION = YES;
				CLANG_WARN_INT_CONVERSION = YES;
				CLANG_WARN_NON_LITERAL_NULL_CONVERSION = YES;
				CLANG_WARN_OBJC_IMPLICIT_RETAIN_SELF = YES;
				CLANG_WARN_OBJC_LITERAL_CONVERSION = YES;
				CLANG_WARN_OBJC_ROOT_CLASS = YES_ERROR;
				CLANG_WARN_QUOTED_INCLUDE_IN_FRAMEWORK_HEADER = YES;
				CLANG_WARN_RANGE_LOOP_ANALYSIS = YES;
				CLANG_WARN_STRICT_PROTOTYPES = YES;
				CLANG_WARN_SUSPICIOUS_MOVE = YES;
				CLANG_WARN_UNREACHABLE_CODE = YES;
				CLANG_WARN__DUPLICATE_METHOD_MATCH = YES;
				"CODE_SIGN_IDENTITY[sdk=iphoneos*]" = "iPhone Developer";
				COPY_PHASE_STRIP = NO;
				CXX = "";
				ENABLE_STRICT_OBJC_MSGSEND = YES;
				ENABLE_TESTABILITY = YES;
				"EXCLUDED_ARCHS[sdk=iphonesimulator*]" = "";
				GCC_C_LANGUAGE_STANDARD = gnu99;
				GCC_DYNAMIC_NO_PIC = NO;
				GCC_NO_COMMON_BLOCKS = YES;
				GCC_OPTIMIZATION_LEVEL = 0;
				GCC_PREPROCESSOR_DEFINITIONS = (
					"DEBUG=1",
					"$(inherited)",
				);
				GCC_SYMBOLS_PRIVATE_EXTERN = NO;
				GCC_WARN_64_TO_32_BIT_CONVERSION = YES;
				GCC_WARN_ABOUT_RETURN_TYPE = YES_ERROR;
				GCC_WARN_UNDECLARED_SELECTOR = YES;
				GCC_WARN_UNINITIALIZED_AUTOS = YES_AGGRESSIVE;
				GCC_WARN_UNUSED_FUNCTION = YES;
				GCC_WARN_UNUSED_VARIABLE = YES;
				IPHONEOS_DEPLOYMENT_TARGET = 13.4;
				LD = "";
				LDPLUSPLUS = "";
				LD_RUNPATH_SEARCH_PATHS = (
					/usr/lib/swift,
					"$(inherited)",
				);
				LIBRARY_SEARCH_PATHS = (
					"\"$(SDKROOT)/usr/lib/swift\"",
					"\"$(TOOLCHAIN_DIR)/usr/lib/swift/$(PLATFORM_NAME)\"",
					"\"$(inherited)\"",
				);
				MTL_ENABLE_DEBUG_INFO = YES;
				ONLY_ACTIVE_ARCH = YES;
				OTHER_CPLUSPLUSFLAGS = (
					"$(OTHER_CFLAGS)",
					"-DFOLLY_NO_CONFIG",
					"-DFOLLY_MOBILE=1",
					"-DFOLLY_USE_LIBCPP=1",
					"-DFOLLY_CFG_NO_COROUTINES=1",
					"-DFOLLY_HAVE_CLOCK_GETTIME=1",
				);
				OTHER_LDFLAGS = (
					"$(inherited)",
					" ",
				);
				REACT_NATIVE_PATH = "${PODS_ROOT}/../../node_modules/react-native";
				SDKROOT = iphoneos;
				SWIFT_ACTIVE_COMPILATION_CONDITIONS = "$(inherited) DEBUG";
				USE_HERMES = true;
			};
			name = Debug;
		};
		83CBBA211A601CBA00E9B192 /* Release */ = {
			isa = XCBuildConfiguration;
			buildSettings = {
				ALWAYS_SEARCH_USER_PATHS = NO;
				CC = "";
				CLANG_ANALYZER_LOCALIZABILITY_NONLOCALIZED = YES;
				CLANG_CXX_LANGUAGE_STANDARD = "c++20";
				CLANG_CXX_LIBRARY = "libc++";
				CLANG_ENABLE_MODULES = YES;
				CLANG_ENABLE_OBJC_ARC = YES;
				CLANG_WARN_BLOCK_CAPTURE_AUTORELEASING = YES;
				CLANG_WARN_BOOL_CONVERSION = YES;
				CLANG_WARN_COMMA = YES;
				CLANG_WARN_CONSTANT_CONVERSION = YES;
				CLANG_WARN_DEPRECATED_OBJC_IMPLEMENTATIONS = YES;
				CLANG_WARN_DIRECT_OBJC_ISA_USAGE = YES_ERROR;
				CLANG_WARN_EMPTY_BODY = YES;
				CLANG_WARN_ENUM_CONVERSION = YES;
				CLANG_WARN_INFINITE_RECURSION = YES;
				CLANG_WARN_INT_CONVERSION = YES;
				CLANG_WARN_NON_LITERAL_NULL_CONVERSION = YES;
				CLANG_WARN_OBJC_IMPLICIT_RETAIN_SELF = YES;
				CLANG_WARN_OBJC_LITERAL_CONVERSION = YES;
				CLANG_WARN_OBJC_ROOT_CLASS = YES_ERROR;
				CLANG_WARN_QUOTED_INCLUDE_IN_FRAMEWORK_HEADER = YES;
				CLANG_WARN_RANGE_LOOP_ANALYSIS = YES;
				CLANG_WARN_STRICT_PROTOTYPES = YES;
				CLANG_WARN_SUSPICIOUS_MOVE = YES;
				CLANG_WARN_UNREACHABLE_CODE = YES;
				CLANG_WARN__DUPLICATE_METHOD_MATCH = YES;
				"CODE_SIGN_IDENTITY[sdk=iphoneos*]" = "iPhone Developer";
				COPY_PHASE_STRIP = YES;
				CXX = "";
				ENABLE_NS_ASSERTIONS = NO;
				ENABLE_STRICT_OBJC_MSGSEND = YES;
				"EXCLUDED_ARCHS[sdk=iphonesimulator*]" = "";
				GCC_C_LANGUAGE_STANDARD = gnu99;
				GCC_NO_COMMON_BLOCKS = YES;
				GCC_WARN_64_TO_32_BIT_CONVERSION = YES;
				GCC_WARN_ABOUT_RETURN_TYPE = YES_ERROR;
				GCC_WARN_UNDECLARED_SELECTOR = YES;
				GCC_WARN_UNINITIALIZED_AUTOS = YES_AGGRESSIVE;
				GCC_WARN_UNUSED_FUNCTION = YES;
				GCC_WARN_UNUSED_VARIABLE = YES;
				IPHONEOS_DEPLOYMENT_TARGET = 13.4;
				LD = "";
				LDPLUSPLUS = "";
				LD_RUNPATH_SEARCH_PATHS = (
					/usr/lib/swift,
					"$(inherited)",
				);
				LIBRARY_SEARCH_PATHS = (
					"\"$(SDKROOT)/usr/lib/swift\"",
					"\"$(TOOLCHAIN_DIR)/usr/lib/swift/$(PLATFORM_NAME)\"",
					"\"$(inherited)\"",
				);
				MTL_ENABLE_DEBUG_INFO = NO;
				OTHER_CPLUSPLUSFLAGS = (
					"$(OTHER_CFLAGS)",
					"-DFOLLY_NO_CONFIG",
					"-DFOLLY_MOBILE=1",
					"-DFOLLY_USE_LIBCPP=1",
					"-DFOLLY_CFG_NO_COROUTINES=1",
					"-DFOLLY_HAVE_CLOCK_GETTIME=1",
				);
				OTHER_LDFLAGS = (
					"$(inherited)",
					" ",
				);
				REACT_NATIVE_PATH = "${PODS_ROOT}/../../node_modules/react-native";
				SDKROOT = iphoneos;
				USE_HERMES = true;
				VALIDATE_PRODUCT = YES;
			};
			name = Release;
		};
/* End XCBuildConfiguration section */

/* Begin XCConfigurationList section */
		00E357021AD99517003FC87E /* Build configuration list for PBXNativeTarget "SocialMediaTests" */ = {
			isa = XCConfigurationList;
			buildConfigurations = (
				00E356F61AD99517003FC87E /* Debug */,
				00E356F71AD99517003FC87E /* Release */,
			);
			defaultConfigurationIsVisible = 0;
			defaultConfigurationName = Release;
		};
		13B07F931A680F5B00A75B9A /* Build configuration list for PBXNativeTarget "SocialMedia" */ = {
			isa = XCConfigurationList;
			buildConfigurations = (
				13B07F941A680F5B00A75B9A /* Debug */,
				13B07F951A680F5B00A75B9A /* Release */,
			);
			defaultConfigurationIsVisible = 0;
			defaultConfigurationName = Release;
		};
		83CBB9FA1A601CBA00E9B192 /* Build configuration list for PBXProject "SocialMedia" */ = {
			isa = XCConfigurationList;
			buildConfigurations = (
				83CBBA201A601CBA00E9B192 /* Debug */,
				83CBBA211A601CBA00E9B192 /* Release */,
			);
			defaultConfigurationIsVisible = 0;
			defaultConfigurationName = Release;
		};
/* End XCConfigurationList section */
	};
	rootObject = 83CBB9F71A601CBA00E9B192 /* Project object */;
}
